
Microsoft Visual Studio Solution File, Format Version 12.00
# Visual Studio Version 16
VisualStudioVersion = 16.0.29215.179
MinimumVisualStudioVersion = 10.0.40219.1
Project("{FAE04EC0-301F-11D3-BF4B-00C04F79EFBC}") = "Collections", "Collections.csproj", "{52FFE092-09A3-43A3-A951-8347D30EEAE3}"
EndProject
Project("{FAE04EC0-301F-11D3-BF4B-00C04F79EFBC}") = "Collections.Tests", "..\Collections.Tests\Collections.Tests.csproj", "{BA9A498B-9322-4C2F-8B9F-4E94191CB3E2}"
EndProject
Global
	GlobalSection(SolutionConfigurationPlatforms) = preSolution
		Debug|Any CPU = Debug|Any CPU
		Release|Any CPU = Release|Any CPU
	EndGlobalSection
	GlobalSection(ProjectConfigurationPlatforms) = postSolution
		{52FFE092-09A3-43A3-A951-8347D30EEAE3}.Debug|Any CPU.ActiveCfg = Debug|Any CPU
		{52FFE092-09A3-43A3-A951-8347D30EEAE3}.Debug|Any CPU.Build.0 = Debug|Any CPU
		{52FFE092-09A3-43A3-A951-8347D30EEAE3}.Release|Any CPU.ActiveCfg = Release|Any CPU
		{52FFE092-09A3-43A3-A951-8347D30EEAE3}.Release|Any CPU.Build.0 = Release|Any CPU
		{BA9A498B-9322-4C2F-8B9F-4E94191CB3E2}.Debug|Any CPU.ActiveCfg = Debug|Any CPU
		{BA9A498B-9322-4C2F-8B9F-4E94191CB3E2}.Debug|Any CPU.Build.0 = Debug|Any CPU
		{BA9A498B-9322-4C2F-8B9F-4E94191CB3E2}.Release|Any CPU.ActiveCfg = Release|Any CPU
		{BA9A498B-9322-4C2F-8B9F-4E94191CB3E2}.Release|Any CPU.Build.0 = Release|Any CPU
	EndGlobalSection
	GlobalSection(SolutionProperties) = preSolution
		HideSolutionNode = FALSE
	EndGlobalSection
	GlobalSection(ExtensibilityGlobals) = postSolution
		SolutionGuid = {F8A9563B-AFDC-4145-AC7E-254AA5C31EC6}
	EndGlobalSection
EndGlobal
