
Microsoft Visual Studio Solution File, Format Version 12.00
# Visual Studio Version 16
VisualStudioVersion = 16.0.29418.71
MinimumVisualStudioVersion = 10.0.40219.1
Project("{FAE04EC0-301F-11D3-BF4B-00C04F79EFBC}") = "LINQ", "LINQ.csproj", "{0BF6FED6-1D5B-4C9D-B7E6-4BB81D9094A4}"
EndProject
Project("{FAE04EC0-301F-11D3-BF4B-00C04F79EFBC}") = "LINQ.Tests", "..\LINQ.Tests\LINQ.Tests.csproj", "{92CE2505-7CE6-41D2-BF67-7CC47DA5165C}"
EndProject
Global
	GlobalSection(SolutionConfigurationPlatforms) = preSolution
		Debug|Any CPU = Debug|Any CPU
		Release|Any CPU = Release|Any CPU
	EndGlobalSection
	GlobalSection(ProjectConfigurationPlatforms) = postSolution
		{0BF6FED6-1D5B-4C9D-B7E6-4BB81D9094A4}.Debug|Any CPU.ActiveCfg = Debug|Any CPU
		{0BF6FED6-1D5B-4C9D-B7E6-4BB81D9094A4}.Debug|Any CPU.Build.0 = Debug|Any CPU
		{0BF6FED6-1D5B-4C9D-B7E6-4BB81D9094A4}.Release|Any CPU.ActiveCfg = Release|Any CPU
		{0BF6FED6-1D5B-4C9D-B7E6-4BB81D9094A4}.Release|Any CPU.Build.0 = Release|Any CPU
		{92CE2505-7CE6-41D2-BF67-7CC47DA5165C}.Debug|Any CPU.ActiveCfg = Debug|Any CPU
		{92CE2505-7CE6-41D2-BF67-7CC47DA5165C}.Debug|Any CPU.Build.0 = Debug|Any CPU
		{92CE2505-7CE6-41D2-BF67-7CC47DA5165C}.Release|Any CPU.ActiveCfg = Release|Any CPU
		{92CE2505-7CE6-41D2-BF67-7CC47DA5165C}.Release|Any CPU.Build.0 = Release|Any CPU
	EndGlobalSection
	GlobalSection(SolutionProperties) = preSolution
		HideSolutionNode = FALSE
	EndGlobalSection
	GlobalSection(ExtensibilityGlobals) = postSolution
		SolutionGuid = {CCB3E26C-5997-427B-A1C4-6DC286DF3358}
	EndGlobalSection
EndGlobal
